{
    "_meta": {
        "hash": {
            "sha256": "65ee6def0860870af936c66821e947ed4776d4cf080ab2f80269cd5e7f8aafba"
        },
        "pipfile-spec": 6,
        "requires": {
            "python_version": "3.12"
        },
        "sources": [
            {
                "name": "pypi",
                "url": "https://pypi.org/simple",
                "verify_ssl": true
            }
        ]
    },
    "default": {
        "annotated-types": {
            "hashes": [
                "sha256:0641064de18ba7a25dee8f96403ebc39113d0cb953a01429249d5c7564666a43",
                "sha256:563339e807e53ffd9c267e99fc6d9ea23eb8443c08f112651963e24e22f84a5d"
            ],
            "markers": "python_version >= '3.8'",
            "version": "==0.6.0"
        },
        "pydantic": {
            "hashes": [
                "sha256:80c50fb8e3dcecfddae1adbcc00ec5822918490c99ab31f6cf6140ca1c1429f0",
                "sha256:ff177ba64c6faf73d7afa2e8cad38fd456c0dbe01c9954e71038001cd15a6edd"
            ],
            "index": "pypi",
            "markers": "python_version >= '3.7'",
            "version": "==2.5.2"
        },
        "pydantic-core": {
            "hashes": [
                "sha256:038c9f763e650712b899f983076ce783175397c848da04985658e7628cbe873b",
                "sha256:074f3d86f081ce61414d2dc44901f4f83617329c6f3ab49d2bc6c96948b2c26b",
                "sha256:079206491c435b60778cf2b0ee5fd645e61ffd6e70c47806c9ed51fc75af078d",
                "sha256:09b0e985fbaf13e6b06a56d21694d12ebca6ce5414b9211edf6f17738d82b0f8",
                "sha256:0f6116a558fd06d1b7c2902d1c4cf64a5bd49d67c3540e61eccca93f41418124",
                "sha256:103ef8d5b58596a731b690112819501ba1db7a36f4ee99f7892c40da02c3e189",
                "sha256:16e29bad40bcf97aac682a58861249ca9dcc57c3f6be22f506501833ddb8939c",
                "sha256:206ed23aecd67c71daf5c02c3cd19c0501b01ef3cbf7782db9e4e051426b3d0d",
                "sha256:2248485b0322c75aee7565d95ad0e16f1c67403a470d02f94da7344184be770f",
                "sha256:27548e16c79702f1e03f5628589c6057c9ae17c95b4c449de3c66b589ead0520",
                "sha256:2d0ae0d8670164e10accbeb31d5ad45adb71292032d0fdb9079912907f0085f4",
                "sha256:3128e0bbc8c091ec4375a1828d6118bc20404883169ac95ffa8d983b293611e6",
                "sha256:3387277f1bf659caf1724e1afe8ee7dbc9952a82d90f858ebb931880216ea955",
                "sha256:34708cc82c330e303f4ce87758828ef6e457681b58ce0e921b6e97937dd1e2a3",
                "sha256:35613015f0ba7e14c29ac6c2483a657ec740e5ac5758d993fdd5870b07a61d8b",
                "sha256:3ad873900297bb36e4b6b3f7029d88ff9829ecdc15d5cf20161775ce12306f8a",
                "sha256:40180930807ce806aa71eda5a5a5447abb6b6a3c0b4b3b1b1962651906484d68",
                "sha256:439c9afe34638ace43a49bf72d201e0ffc1a800295bed8420c2a9ca8d5e3dbb3",
                "sha256:45e95333b8418ded64745f14574aa9bfc212cb4fbeed7a687b0c6e53b5e188cd",
                "sha256:4641e8ad4efb697f38a9b64ca0523b557c7931c5f84e0fd377a9a3b05121f0de",
                "sha256:49b08aae5013640a3bfa25a8eebbd95638ec3f4b2eaf6ed82cf0c7047133f03b",
                "sha256:4bc536201426451f06f044dfbf341c09f540b4ebdb9fd8d2c6164d733de5e634",
                "sha256:4ce601907e99ea5b4adb807ded3570ea62186b17f88e271569144e8cca4409c7",
                "sha256:4e40f2bd0d57dac3feb3a3aed50f17d83436c9e6b09b16af271b6230a2915459",
                "sha256:4e47a76848f92529879ecfc417ff88a2806438f57be4a6a8bf2961e8f9ca9ec7",
                "sha256:513b07e99c0a267b1d954243845d8a833758a6726a3b5d8948306e3fe14675e3",
                "sha256:531f4b4252fac6ca476fbe0e6f60f16f5b65d3e6b583bc4d87645e4e5ddde331",
                "sha256:57d52fa717ff445cb0a5ab5237db502e6be50809b43a596fb569630c665abddf",
                "sha256:59986de5710ad9613ff61dd9b02bdd2f615f1a7052304b79cc8fa2eb4e336d2d",
                "sha256:5baab5455c7a538ac7e8bf1feec4278a66436197592a9bed538160a2e7d11e36",
                "sha256:5c7d5b5005f177764e96bd584d7bf28d6e26e96f2a541fdddb934c486e36fd59",
                "sha256:60b7607753ba62cf0739177913b858140f11b8af72f22860c28eabb2f0a61937",
                "sha256:615a0a4bff11c45eb3c1996ceed5bdaa2f7b432425253a7c2eed33bb86d80abc",
                "sha256:61ea96a78378e3bd5a0be99b0e5ed00057b71f66115f5404d0dae4819f495093",
                "sha256:652c1988019752138b974c28f43751528116bcceadad85f33a258869e641d753",
                "sha256:6637560562134b0e17de333d18e69e312e0458ee4455bdad12c37100b7cad706",
                "sha256:678265f7b14e138d9a541ddabbe033012a2953315739f8cfa6d754cc8063e8ca",
                "sha256:699156034181e2ce106c89ddb4b6504c30db8caa86e0c30de47b3e0654543260",
                "sha256:6b9ff467ffbab9110e80e8c8de3bcfce8e8b0fd5661ac44a09ae5901668ba997",
                "sha256:6c327e9cd849b564b234da821236e6bcbe4f359a42ee05050dc79d8ed2a91588",
                "sha256:6d30226dfc816dd0fdf120cae611dd2215117e4f9b124af8c60ab9093b6e8e71",
                "sha256:6e227c40c02fd873c2a73a98c1280c10315cbebe26734c196ef4514776120aeb",
                "sha256:6e4d090e73e0725b2904fdbdd8d73b8802ddd691ef9254577b708d413bf3006e",
                "sha256:70f4b4851dbb500129681d04cc955be2a90b2248d69273a787dda120d5cf1f69",
                "sha256:70f947628e074bb2526ba1b151cee10e4c3b9670af4dbb4d73bc8a89445916b5",
                "sha256:774de879d212db5ce02dfbf5b0da9a0ea386aeba12b0b95674a4ce0593df3d07",
                "sha256:77fa384d8e118b3077cccfcaf91bf83c31fe4dc850b5e6ee3dc14dc3d61bdba1",
                "sha256:79e0a2cdbdc7af3f4aee3210b1172ab53d7ddb6a2d8c24119b5706e622b346d0",
                "sha256:7e88f5696153dc516ba6e79f82cc4747e87027205f0e02390c21f7cb3bd8abfd",
                "sha256:7f8210297b04e53bc3da35db08b7302a6a1f4889c79173af69b72ec9754796b8",
                "sha256:81982d78a45d1e5396819bbb4ece1fadfe5f079335dd28c4ab3427cd95389944",
                "sha256:823fcc638f67035137a5cd3f1584a4542d35a951c3cc68c6ead1df7dac825c26",
                "sha256:853a2295c00f1d4429db4c0fb9475958543ee80cfd310814b5c0ef502de24dda",
                "sha256:88e74ab0cdd84ad0614e2750f903bb0d610cc8af2cc17f72c28163acfcf372a4",
                "sha256:8aa1768c151cf562a9992462239dfc356b3d1037cc5a3ac829bb7f3bda7cc1f9",
                "sha256:8c8a8812fe6f43a3a5b054af6ac2d7b8605c7bcab2804a8a7d68b53f3cd86e00",
                "sha256:95b15e855ae44f0c6341ceb74df61b606e11f1087e87dcb7482377374aac6abe",
                "sha256:96581cfefa9123accc465a5fd0cc833ac4d75d55cc30b633b402e00e7ced00a6",
                "sha256:9bd18fee0923ca10f9a3ff67d4851c9d3e22b7bc63d1eddc12f439f436f2aada",
                "sha256:a33324437018bf6ba1bb0f921788788641439e0ed654b233285b9c69704c27b4",
                "sha256:a6a16f4a527aae4f49c875da3cdc9508ac7eef26e7977952608610104244e1b7",
                "sha256:a717aef6971208f0851a2420b075338e33083111d92041157bbe0e2713b37325",
                "sha256:a71891847f0a73b1b9eb86d089baee301477abef45f7eaf303495cd1473613e4",
                "sha256:aae7ea3a1c5bb40c93cad361b3e869b180ac174656120c42b9fadebf685d121b",
                "sha256:ab1cdb0f14dc161ebc268c09db04d2c9e6f70027f3b42446fa11c153521c0e88",
                "sha256:ab4ea451082e684198636565224bbb179575efc1658c48281b2c866bfd4ddf04",
                "sha256:abf058be9517dc877227ec3223f0300034bd0e9f53aebd63cf4456c8cb1e0863",
                "sha256:af36f36538418f3806048f3b242a1777e2540ff9efaa667c27da63d2749dbce0",
                "sha256:b53e9ad053cd064f7e473a5f29b37fc4cc9dc6d35f341e6afc0155ea257fc911",
                "sha256:b7851992faf25eac90bfcb7bfd19e1f5ffa00afd57daec8a0042e63c74a4551b",
                "sha256:b9b759b77f5337b4ea024f03abc6464c9f35d9718de01cfe6bae9f2e139c397e",
                "sha256:ba39688799094c75ea8a16a6b544eb57b5b0f3328697084f3f2790892510d144",
                "sha256:ba6b6b3846cfc10fdb4c971980a954e49d447cd215ed5a77ec8190bc93dd7bc5",
                "sha256:bb4c2eda937a5e74c38a41b33d8c77220380a388d689bcdb9b187cf6224c9720",
                "sha256:c0b97ec434041827935044bbbe52b03d6018c2897349670ff8fe11ed24d1d4ab",
                "sha256:c1452a1acdf914d194159439eb21e56b89aa903f2e1c65c60b9d874f9b950e5d",
                "sha256:c2027d05c8aebe61d898d4cffd774840a9cb82ed356ba47a90d99ad768f39789",
                "sha256:c2adbe22ab4babbca99c75c5d07aaf74f43c3195384ec07ccbd2f9e3bddaecec",
                "sha256:c2d97e906b4ff36eb464d52a3bc7d720bd6261f64bc4bcdbcd2c557c02081ed2",
                "sha256:c339dabd8ee15f8259ee0f202679b6324926e5bc9e9a40bf981ce77c038553db",
                "sha256:c6eae413494a1c3f89055da7a5515f32e05ebc1a234c27674a6956755fb2236f",
                "sha256:c949f04ecad823f81b1ba94e7d189d9dfb81edbb94ed3f8acfce41e682e48cef",
                "sha256:c97bee68898f3f4344eb02fec316db93d9700fb1e6a5b760ffa20d71d9a46ce3",
                "sha256:ca61d858e4107ce5e1330a74724fe757fc7135190eb5ce5c9d0191729f033209",
                "sha256:cb4679d4c2b089e5ef89756bc73e1926745e995d76e11925e3e96a76d5fa51fc",
                "sha256:cb774298da62aea5c80a89bd58c40205ab4c2abf4834453b5de207d59d2e1651",
                "sha256:ccd4d5702bb90b84df13bd491be8d900b92016c5a455b7e14630ad7449eb03f8",
                "sha256:cf9d3fe53b1ee360e2421be95e62ca9b3296bf3f2fb2d3b83ca49ad3f925835e",
                "sha256:d2ae91f50ccc5810b2f1b6b858257c9ad2e08da70bf890dee02de1775a387c66",
                "sha256:d37f8ec982ead9ba0a22a996129594938138a1503237b87318392a48882d50b7",
                "sha256:d81e6987b27bc7d101c8597e1cd2bcaa2fee5e8e0f356735c7ed34368c471550",
                "sha256:dcf4e6d85614f7a4956c2de5a56531f44efb973d2fe4a444d7251df5d5c4dcfd",
                "sha256:de790a3b5aa2124b8b78ae5faa033937a72da8efe74b9231698b5a1dd9be3405",
                "sha256:e47e9a08bcc04d20975b6434cc50bf82665fbc751bcce739d04a3120428f3e27",
                "sha256:e60f112ac88db9261ad3a52032ea46388378034f3279c643499edb982536a093",
                "sha256:e87fc540c6cac7f29ede02e0f989d4233f88ad439c5cdee56f693cc9c1c78077",
                "sha256:eac5c82fc632c599f4639a5886f96867ffced74458c7db61bc9a66ccb8ee3113",
                "sha256:ebb4e035e28f49b6f1a7032920bb9a0c064aedbbabe52c543343d39341a5b2a3",
                "sha256:ec1e72d6412f7126eb7b2e3bfca42b15e6e389e1bc88ea0069d0cc1742f477c6",
                "sha256:ef98ca7d5995a82f43ec0ab39c4caf6a9b994cb0b53648ff61716370eadc43cf",
                "sha256:f0cbc7fff06a90bbd875cc201f94ef0ee3929dfbd5c55a06674b60857b8b85ed",
                "sha256:f4791cf0f8c3104ac668797d8c514afb3431bc3305f5638add0ba1a5a37e0d88",
                "sha256:f5e412d717366e0677ef767eac93566582518fe8be923361a5c204c1a62eaafe",
                "sha256:fb2ed8b3fe4bf4506d6dab3b93b83bbc22237e230cba03866d561c3577517d18",
                "sha256:fe0a5a1025eb797752136ac8b4fa21aa891e3d74fd340f864ff982d649691867"
            ],
            "markers": "python_version >= '3.7'",
            "version": "==2.14.5"
        },
        "typing-extensions": {
            "hashes": [
                "sha256:23478f88c37f27d76ac8aee6c905017a143b0b1b886c3c9f66bc2fd94f9f5783",
                "sha256:af72aea155e91adfc61c3ae9e0e342dbc0cba726d6cba4b6c72c1f34e47291cd"
            ],
            "markers": "python_version >= '3.8'",
            "version": "==4.9.0"
        }
    },
    "develop": {
        "jedi": {
            "hashes": [
                "sha256:cf0496f3651bc65d7174ac1b7d043eff454892c708a87d1b683e57b569927ffd",
                "sha256:e983c654fe5c02867aef4cdfce5a2fbb4a50adc0af145f70504238f18ef5e7e0"
            ],
            "markers": "python_version >= '3.6'",
            "version": "==0.19.1"
        },
        "mypy": {
            "hashes": [
                "sha256:028cf9f2cae89e202d7b6593cd98db6759379f17a319b5faf4f9978d7084cdc6",
                "sha256:2afecd6354bbfb6e0160f4e4ad9ba6e4e003b767dd80d85516e71f2e955ab50d",
                "sha256:2b5b6c721bd4aabaadead3a5e6fa85c11c6c795e0c81a7215776ef8afc66de02",
                "sha256:42419861b43e6962a649068a61f4a4839205a3ef525b858377a960b9e2de6e0d",
                "sha256:42c6680d256ab35637ef88891c6bd02514ccb7e1122133ac96055ff458f93fc3",
                "sha256:485a8942f671120f76afffff70f259e1cd0f0cfe08f81c05d8816d958d4577d3",
                "sha256:4c886c6cce2d070bd7df4ec4a05a13ee20c0aa60cb587e8d1265b6c03cf91da3",
                "sha256:4e6d97288757e1ddba10dd9549ac27982e3e74a49d8d0179fc14d4365c7add66",
                "sha256:4ef4be7baf08a203170f29e89d79064463b7fc7a0908b9d0d5114e8009c3a259",
                "sha256:51720c776d148bad2372ca21ca29256ed483aa9a4cdefefcef49006dff2a6835",
                "sha256:52825b01f5c4c1c4eb0db253ec09c7aa17e1a7304d247c48b6f3599ef40db8bd",
                "sha256:538fd81bb5e430cc1381a443971c0475582ff9f434c16cd46d2c66763ce85d9d",
                "sha256:5c1538c38584029352878a0466f03a8ee7547d7bd9f641f57a0f3017a7c905b8",
                "sha256:6ff8b244d7085a0b425b56d327b480c3b29cafbd2eff27316a004f9a7391ae07",
                "sha256:7178def594014aa6c35a8ff411cf37d682f428b3b5617ca79029d8ae72f5402b",
                "sha256:720a5ca70e136b675af3af63db533c1c8c9181314d207568bbe79051f122669e",
                "sha256:7f1478736fcebb90f97e40aff11a5f253af890c845ee0c850fe80aa060a267c6",
                "sha256:855fe27b80375e5c5878492f0729540db47b186509c98dae341254c8f45f42ae",
                "sha256:8963b83d53ee733a6e4196954502b33567ad07dfd74851f32be18eb932fb1cb9",
                "sha256:9261ed810972061388918c83c3f5cd46079d875026ba97380f3e3978a72f503d",
                "sha256:99b00bc72855812a60d253420d8a2eae839b0afa4938f09f4d2aa9bb4654263a",
                "sha256:ab3c84fa13c04aeeeabb2a7f67a25ef5d77ac9d6486ff33ded762ef353aa5592",
                "sha256:afe3fe972c645b4632c563d3f3eff1cdca2fa058f730df2b93a35e3b0c538218",
                "sha256:d19c413b3c07cbecf1f991e2221746b0d2a9410b59cb3f4fb9557f0365a1a817",
                "sha256:df9824ac11deaf007443e7ed2a4a26bebff98d2bc43c6da21b2b64185da011c4",
                "sha256:e46f44b54ebddbeedbd3d5b289a893219065ef805d95094d16a0af6630f5d410",
                "sha256:f5ac9a4eeb1ec0f1ccdc6f326bcdb464de5f80eb07fb38b5ddd7b0de6bc61e55"
            ],
            "index": "pypi",
            "markers": "python_version >= '3.8'",
            "version": "==1.8.0"
        },
        "mypy-extensions": {
            "hashes": [
                "sha256:4392f6c0eb8a5668a69e23d168ffa70f0be9ccfd32b5cc2d26a34ae5b844552d",
                "sha256:75dbf8955dc00442a438fc4d0666508a9a97b6bd41aa2f0ffe9d2f2725af0782"
            ],
            "markers": "python_version >= '3.5'",
            "version": "==1.0.0"
        },
        "packaging": {
            "hashes": [
                "sha256:048fb0e9405036518eaaf48a55953c750c11e1a1b68e0dd1a9d62ed0c092cfc5",
                "sha256:8c491190033a9af7e1d931d0b5dacc2ef47509b34dd0de67ed209b5203fc88c7"
            ],
            "markers": "python_version >= '3.7'",
            "version": "==23.2"
        },
        "parso": {
            "hashes": [
                "sha256:8c07be290bb59f03588915921e29e8a50002acaf2cdc5fa0e0114f91709fafa0",
                "sha256:c001d4636cd3aecdaf33cbb40aebb59b094be2a74c556778ef5576c175e19e75"
            ],
            "markers": "python_version >= '3.6'",
            "version": "==0.8.3"
        },
        "pudb": {
            "hashes": [
                "sha256:15df3c603aba87a918a666ef8e1bf63f764238cc3589db3c5b7a5f1b01ea2f03"
            ],
            "index": "pypi",
            "markers": "python_version ~= '3.8'",
            "version": "==2023.1"
        },
        "pygments": {
            "hashes": [
                "sha256:b27c2826c47d0f3219f29554824c30c5e8945175d888647acd804ddd04af846c",
                "sha256:da46cec9fd2de5be3a8a784f434e4c4ab670b4ff54d605c4c2717e9d49c4c367"
            ],
            "markers": "python_version >= '3.7'",
            "version": "==2.17.2"
        },
        "ruff": {
            "hashes": [
                "sha256:05ffe9dbd278965271252704eddb97b4384bf58b971054d517decfbf8c523f05",
                "sha256:5daaeaf00ae3c1efec9742ff294b06c3a2a9db8d3db51ee4851c12ad385cda30",
                "sha256:7d076717c67b34c162da7c1a5bda16ffc205e0e0072c03745275e7eab888719f",
                "sha256:7de792582f6e490ae6aef36a58d85df9f7a0cfd1b0d4fe6b4fb51803a3ac96fa",
                "sha256:a05b0ddd7ea25495e4115a43125e8a7ebed0aa043c3d432de7e7d6e8e8cd6448",
                "sha256:aa8ee4f8440023b0a6c3707f76cadce8657553655dcbb5fc9b2f9bb9bee389f6",
                "sha256:b6a21ab023124eafb7cef6d038f835cb1155cd5ea798edd8d9eb2f8b84be07d9",
                "sha256:bd8ee69b02e7bdefe1e5da2d5b6eaaddcf4f90859f00281b2333c0e3a0cc9cd6",
                "sha256:c8e3255afd186c142eef4ec400d7826134f028a85da2146102a1172ecc7c3696",
                "sha256:ce697c463458555027dfb194cb96d26608abab920fa85213deb5edf26e026664",
                "sha256:db6cedd9ffed55548ab313ad718bc34582d394e27a7875b4b952c2d29c001b26",
                "sha256:e49fbdfe257fa41e5c9e13c79b9e79a23a79bd0e40b9314bc53840f520c2c0b3",
                "sha256:e6f08ca730f4dc1b76b473bdf30b1b37d42da379202a059eae54ec7fc1fbcfed",
                "sha256:f35960b02df6b827c1b903091bb14f4b003f6cf102705efc4ce78132a0aa5af3",
                "sha256:f41f692f1691ad87f51708b823af4bb2c5c87c9248ddd3191c8f088e66ce590a",
                "sha256:f7ee467677467526cfe135eab86a40a0e8db43117936ac4f9b469ce9cdb3fb62",
                "sha256:ff78a7583020da124dd0deb835ece1d87bb91762d40c514ee9b67a087940528b"
            ],
            "index": "pypi",
            "markers": "python_version >= '3.7'",
            "version": "==0.1.8"
        },
        "typing-extensions": {
            "hashes": [
                "sha256:23478f88c37f27d76ac8aee6c905017a143b0b1b886c3c9f66bc2fd94f9f5783",
                "sha256:af72aea155e91adfc61c3ae9e0e342dbc0cba726d6cba4b6c72c1f34e47291cd"
            ],
            "markers": "python_version >= '3.8'",
            "version": "==4.9.0"
        },
        "urwid": {
            "hashes": [
                "sha256:0080ad86d37792faeda2ddaf7eaab711861c34f19996876dde649e28139a741d",
                "sha256:085b4b1ff4c0df96e2e82331a2353a56abbd5b7456e838baa995be4f12644347",
                "sha256:0a263d8a90450166e0a195cf751b46d5081a48a3c00afa45a4ae582a34a6785e",
                "sha256:0be1a86fa279850bd167a031dd71aa401b26f7e9fdcc99360785f1a292938c10",
                "sha256:0c7e3f21b4427ecfffd6588fe5119eab7e12abd03576e8ba111fdfe2a78e3fdc",
                "sha256:0d518d3cb428c9e0c03076dc6b83996bbfe0595d4612c3c2f572d8edbc260e9c",
                "sha256:18b9f84cc80a4fcda55ea29f0ea260d31f8c1c721ff6a0396a396020e6667738",
                "sha256:205c7aa020c92797f65465e1a226fbf2122159b1565b936a5fd6ed6bd34b4440",
                "sha256:232b64678248c489e0dddadccfc2483a54567b74fcf74d140f3f4b4e9d15ddba",
                "sha256:278ffe0c8366c03da533a983eb85ac80e325eec09f78988fd37fc830dc563eb2",
                "sha256:2c4a213be475ae81b250e401e670d74d5d4ffb3b034ff6fc52e721759788eb05",
                "sha256:32d91a4f2abaa022d6bcd8f4d7b179a1bb03afcb83be4707e5599131f322dbce",
                "sha256:3c141f5e6a32e03e78ef28083691588d37f60fb5ffb2d96aecba3cda7fa38bb1",
                "sha256:3ca3e5fbdddc3b4394cc93835a79358c56a54b05538edc7e8b66d2ff13c4689f",
                "sha256:448d248bd3cbe34f0422108db0cecb7d24336703677bce06b7ed67dc4892d925",
                "sha256:45e61a5be847ab36a5188aacd96554e0f354367dcae2f6cbc284de7fbbb3f075",
                "sha256:4dbeb404751341f354f7d7bf5857cacb7ba415335427c78ee00991cdcc1b5bb0",
                "sha256:4e4a3500b7166f27ca830df8bcfb9969d97a98f340cd4b0f0299557dee8c39b3",
                "sha256:5a6fc3651d5aff40d53b52cae1951d17c62126ffcc11c7f0d53583d28198b0a4",
                "sha256:5fbb765783120d5dc835424f6870190b6d73c020b44ab650b682fd9ffbc41a85",
                "sha256:67bdc9c3f8a834b848e4400d91b5ab82620e1f963e4736600a304930433ea8fe",
                "sha256:6cc8db27989f6166602a45f6382357827cba966e3bd607a9e409cf867f7b0ec6",
                "sha256:7d38afb5bbcbca365fbd86746990c22167fbeb7f85d756bad33892f364028975",
                "sha256:81a17afedc1f0ec7ee6af9ebae0c21f5caddf050831ffc5dfbd7e61a4966388a",
                "sha256:8b0802494b1baaf691313cd24aaf5e4ec00bf8a6f4ba664bdf088119517db0d4",
                "sha256:90440ef37b50ad5e947a095bfec7a048dfae938daa0d2355274accd886474932",
                "sha256:963e89099b0438416b550161750a1e2fb52a328008732197d29e3675baacb150",
                "sha256:9dae4dbccae166ee9ff03bda58c36369a566d03274c1fbf559cff11117539bc7",
                "sha256:bae83944dc78bd178b0ad8cab9ff7d72b03ac01dcd0e1e01725142e241196f04",
                "sha256:bbbb8c21920be76630d1ae03eb67dced3d362a56eabf05d619a0ce3f0488cb0d",
                "sha256:c692bb9a314216c0cfe1fdd8787858e2e916e25f97c95e8411ba5933c0fe3c39",
                "sha256:c79f55558dc50f8c19d1e1468e63942fc7577cbdb2ff948768931ef28548a5af",
                "sha256:ce538f0e5c8ee2341f3e38239a1c65a5a042ee993577093067a4419c10615030",
                "sha256:d1a0e6bbd4e70805519e843fa982ba322d819939eb7049e6ece5ed6aa132c96b",
                "sha256:de28459d08020a07fe4d918a9ca5ff069102fa5455356cc5a1695b55ebb5bafe"
            ],
            "markers": "python_full_version >= '3.7.0'",
            "version": "==2.3.4"
        },
        "urwid-readline": {
            "hashes": [
                "sha256:018020cbc864bb5ed87be17dc26b069eae2755cb29f3a9c569aac3bded1efaf4"
            ],
            "version": "==0.13"
        }
    }
}
